
Microsoft Visual Studio Solution File, Format Version 12.00
# Visual Studio Version 16
VisualStudioVersion = 16.0.28803.352
MinimumVisualStudioVersion = 10.0.40219.1
Project("{2150E333-8FDC-42A3-9474-1A3956D46DE8}") = "Mobile", "Mobile", "{4604FC23-0C9F-4AAD-A443-7798F3FFBD04}"
EndProject
Project("{FAE04EC0-301F-11D3-BF4B-00C04F79EFBC}") = "XamChat.Android", "XamChat\XamChat.Android\XamChat.Android.csproj", "{9B904D6F-F02A-4007-81FF-5A25785E28E2}"
EndProject
Project("{FAE04EC0-301F-11D3-BF4B-00C04F79EFBC}") = "XamChat.iOS", "XamChat\XamChat.iOS\XamChat.iOS.csproj", "{6874B7C8-5783-41F3-A036-4B79FBC37B5E}"
EndProject
Project("{9A19103F-16F7-4668-BE54-9A1E7A4F7556}") = "XamChat", "XamChat\XamChat\XamChat.csproj", "{BCE7965E-97F8-41CC-9A24-1C2F9BB3826E}"
EndProject
Project("{9A19103F-16F7-4668-BE54-9A1E7A4F7556}") = "XamChat.Backend", "XamChat.Backend\XamChat.Backend.csproj", "{CD23FE48-BE5B-40ED-87EB-16058E3A9F26}"
EndProject
Project("{2150E333-8FDC-42A3-9474-1A3956D46DE8}") = "Core", "Core", "{9DB53979-ECA8-4AB4-AB40-E92E8969D301}"
EndProject
Project("{2150E333-8FDC-42A3-9474-1A3956D46DE8}") = "Console", "Console", "{567BE27A-D8E8-448B-9EE1-9D547040524F}"
EndProject
Project("{9A19103F-16F7-4668-BE54-9A1E7A4F7556}") = "XamChat.ConsoleApp", "XamChat.Console\XamChat.ConsoleApp.csproj", "{BB91E6B6-1463-429A-995A-A33964E0D482}"
EndProject
Project("{9A19103F-16F7-4668-BE54-9A1E7A4F7556}") = "XamChat.Shared.Core", "XamChat.Shared.Core\XamChat.Shared.Core.csproj", "{78A2A996-44A5-4FAD-A334-AB1758817875}"
EndProject
Global
	GlobalSection(SolutionConfigurationPlatforms) = preSolution
		Ad-Hoc|Any CPU = Ad-Hoc|Any CPU
		Ad-Hoc|ARM = Ad-Hoc|ARM
		Ad-Hoc|iPhone = Ad-Hoc|iPhone
		Ad-Hoc|iPhoneSimulator = Ad-Hoc|iPhoneSimulator
		Ad-Hoc|x64 = Ad-Hoc|x64
		Ad-Hoc|x86 = Ad-Hoc|x86
		AppStore|Any CPU = AppStore|Any CPU
		AppStore|ARM = AppStore|ARM
		AppStore|iPhone = AppStore|iPhone
		AppStore|iPhoneSimulator = AppStore|iPhoneSimulator
		AppStore|x64 = AppStore|x64
		AppStore|x86 = AppStore|x86
		Debug|Any CPU = Debug|Any CPU
		Debug|ARM = Debug|ARM
		Debug|iPhone = Debug|iPhone
		Debug|iPhoneSimulator = Debug|iPhoneSimulator
		Debug|x64 = Debug|x64
		Debug|x86 = Debug|x86
		Release|Any CPU = Release|Any CPU
		Release|ARM = Release|ARM
		Release|iPhone = Release|iPhone
		Release|iPhoneSimulator = Release|iPhoneSimulator
		Release|x64 = Release|x64
		Release|x86 = Release|x86
	EndGlobalSection
	GlobalSection(ProjectConfigurationPlatforms) = postSolution
		{9B904D6F-F02A-4007-81FF-5A25785E28E2}.Ad-Hoc|Any CPU.ActiveCfg = Release|Any CPU
		{9B904D6F-F02A-4007-81FF-5A25785E28E2}.Ad-Hoc|Any CPU.Build.0 = Release|Any CPU
		{9B904D6F-F02A-4007-81FF-5A25785E28E2}.Ad-Hoc|Any CPU.Deploy.0 = Release|Any CPU
		{9B904D6F-F02A-4007-81FF-5A25785E28E2}.Ad-Hoc|ARM.ActiveCfg = Release|Any CPU
		{9B904D6F-F02A-4007-81FF-5A25785E28E2}.Ad-Hoc|ARM.Build.0 = Release|Any CPU
		{9B904D6F-F02A-4007-81FF-5A25785E28E2}.Ad-Hoc|ARM.Deploy.0 = Release|Any CPU
		{9B904D6F-F02A-4007-81FF-5A25785E28E2}.Ad-Hoc|iPhone.ActiveCfg = Release|Any CPU
		{9B904D6F-F02A-4007-81FF-5A25785E28E2}.Ad-Hoc|iPhone.Build.0 = Release|Any CPU
		{9B904D6F-F02A-4007-81FF-5A25785E28E2}.Ad-Hoc|iPhone.Deploy.0 = Release|Any CPU
		{9B904D6F-F02A-4007-81FF-5A25785E28E2}.Ad-Hoc|iPhoneSimulator.ActiveCfg = Release|Any CPU
		{9B904D6F-F02A-4007-81FF-5A25785E28E2}.Ad-Hoc|iPhoneSimulator.Build.0 = Release|Any CPU
		{9B904D6F-F02A-4007-81FF-5A25785E28E2}.Ad-Hoc|iPhoneSimulator.Deploy.0 = Release|Any CPU
		{9B904D6F-F02A-4007-81FF-5A25785E28E2}.Ad-Hoc|x64.ActiveCfg = Release|Any CPU
		{9B904D6F-F02A-4007-81FF-5A25785E28E2}.Ad-Hoc|x64.Build.0 = Release|Any CPU
		{9B904D6F-F02A-4007-81FF-5A25785E28E2}.Ad-Hoc|x64.Deploy.0 = Release|Any CPU
		{9B904D6F-F02A-4007-81FF-5A25785E28E2}.Ad-Hoc|x86.ActiveCfg = Release|Any CPU
		{9B904D6F-F02A-4007-81FF-5A25785E28E2}.Ad-Hoc|x86.Build.0 = Release|Any CPU
		{9B904D6F-F02A-4007-81FF-5A25785E28E2}.Ad-Hoc|x86.Deploy.0 = Release|Any CPU
		{9B904D6F-F02A-4007-81FF-5A25785E28E2}.AppStore|Any CPU.ActiveCfg = Release|Any CPU
		{9B904D6F-F02A-4007-81FF-5A25785E28E2}.AppStore|Any CPU.Build.0 = Release|Any CPU
		{9B904D6F-F02A-4007-81FF-5A25785E28E2}.AppStore|Any CPU.Deploy.0 = Release|Any CPU
		{9B904D6F-F02A-4007-81FF-5A25785E28E2}.AppStore|ARM.ActiveCfg = Release|Any CPU
		{9B904D6F-F02A-4007-81FF-5A25785E28E2}.AppStore|ARM.Build.0 = Release|Any CPU
		{9B904D6F-F02A-4007-81FF-5A25785E28E2}.AppStore|ARM.Deploy.0 = Release|Any CPU
		{9B904D6F-F02A-4007-81FF-5A25785E28E2}.AppStore|iPhone.ActiveCfg = Release|Any CPU
		{9B904D6F-F02A-4007-81FF-5A25785E28E2}.AppStore|iPhone.Build.0 = Release|Any CPU
		{9B904D6F-F02A-4007-81FF-5A25785E28E2}.AppStore|iPhone.Deploy.0 = Release|Any CPU
		{9B904D6F-F02A-4007-81FF-5A25785E28E2}.AppStore|iPhoneSimulator.ActiveCfg = Release|Any CPU
		{9B904D6F-F02A-4007-81FF-5A25785E28E2}.AppStore|iPhoneSimulator.Build.0 = Release|Any CPU
		{9B904D6F-F02A-4007-81FF-5A25785E28E2}.AppStore|iPhoneSimulator.Deploy.0 = Release|Any CPU
		{9B904D6F-F02A-4007-81FF-5A25785E28E2}.AppStore|x64.ActiveCfg = Release|Any CPU
		{9B904D6F-F02A-4007-81FF-5A25785E28E2}.AppStore|x64.Build.0 = Release|Any CPU
		{9B904D6F-F02A-4007-81FF-5A25785E28E2}.AppStore|x64.Deploy.0 = Release|Any CPU
		{9B904D6F-F02A-4007-81FF-5A25785E28E2}.AppStore|x86.ActiveCfg = Release|Any CPU
		{9B904D6F-F02A-4007-81FF-5A25785E28E2}.AppStore|x86.Build.0 = Release|Any CPU
		{9B904D6F-F02A-4007-81FF-5A25785E28E2}.AppStore|x86.Deploy.0 = Release|Any CPU
		{9B904D6F-F02A-4007-81FF-5A25785E28E2}.Debug|Any CPU.ActiveCfg = Debug|Any CPU
		{9B904D6F-F02A-4007-81FF-5A25785E28E2}.Debug|Any CPU.Build.0 = Debug|Any CPU
		{9B904D6F-F02A-4007-81FF-5A25785E28E2}.Debug|Any CPU.Deploy.0 = Debug|Any CPU
		{9B904D6F-F02A-4007-81FF-5A25785E28E2}.Debug|ARM.ActiveCfg = Debug|Any CPU
		{9B904D6F-F02A-4007-81FF-5A25785E28E2}.Debug|ARM.Build.0 = Debug|Any CPU
		{9B904D6F-F02A-4007-81FF-5A25785E28E2}.Debug|ARM.Deploy.0 = Debug|Any CPU
		{9B904D6F-F02A-4007-81FF-5A25785E28E2}.Debug|iPhone.ActiveCfg = Debug|Any CPU
		{9B904D6F-F02A-4007-81FF-5A25785E28E2}.Debug|iPhone.Build.0 = Debug|Any CPU
		{9B904D6F-F02A-4007-81FF-5A25785E28E2}.Debug|iPhone.Deploy.0 = Debug|Any CPU
		{9B904D6F-F02A-4007-81FF-5A25785E28E2}.Debug|iPhoneSimulator.ActiveCfg = Debug|Any CPU
		{9B904D6F-F02A-4007-81FF-5A25785E28E2}.Debug|iPhoneSimulator.Build.0 = Debug|Any CPU
		{9B904D6F-F02A-4007-81FF-5A25785E28E2}.Debug|iPhoneSimulator.Deploy.0 = Debug|Any CPU
		{9B904D6F-F02A-4007-81FF-5A25785E28E2}.Debug|x64.ActiveCfg = Debug|Any CPU
		{9B904D6F-F02A-4007-81FF-5A25785E28E2}.Debug|x64.Build.0 = Debug|Any CPU
		{9B904D6F-F02A-4007-81FF-5A25785E28E2}.Debug|x64.Deploy.0 = Debug|Any CPU
		{9B904D6F-F02A-4007-81FF-5A25785E28E2}.Debug|x86.ActiveCfg = Debug|Any CPU
		{9B904D6F-F02A-4007-81FF-5A25785E28E2}.Debug|x86.Build.0 = Debug|Any CPU
		{9B904D6F-F02A-4007-81FF-5A25785E28E2}.Debug|x86.Deploy.0 = Debug|Any CPU
		{9B904D6F-F02A-4007-81FF-5A25785E28E2}.Release|Any CPU.ActiveCfg = Release|Any CPU
		{9B904D6F-F02A-4007-81FF-5A25785E28E2}.Release|Any CPU.Build.0 = Release|Any CPU
		{9B904D6F-F02A-4007-81FF-5A25785E28E2}.Release|Any CPU.Deploy.0 = Release|Any CPU
		{9B904D6F-F02A-4007-81FF-5A25785E28E2}.Release|ARM.ActiveCfg = Release|Any CPU
		{9B904D6F-F02A-4007-81FF-5A25785E28E2}.Release|ARM.Build.0 = Release|Any CPU
		{9B904D6F-F02A-4007-81FF-5A25785E28E2}.Release|ARM.Deploy.0 = Release|Any CPU
		{9B904D6F-F02A-4007-81FF-5A25785E28E2}.Release|iPhone.ActiveCfg = Release|Any CPU
		{9B904D6F-F02A-4007-81FF-5A25785E28E2}.Release|iPhone.Build.0 = Release|Any CPU
		{9B904D6F-F02A-4007-81FF-5A25785E28E2}.Release|iPhone.Deploy.0 = Release|Any CPU
		{9B904D6F-F02A-4007-81FF-5A25785E28E2}.Release|iPhoneSimulator.ActiveCfg = Release|Any CPU
		{9B904D6F-F02A-4007-81FF-5A25785E28E2}.Release|iPhoneSimulator.Build.0 = Release|Any CPU
		{9B904D6F-F02A-4007-81FF-5A25785E28E2}.Release|iPhoneSimulator.Deploy.0 = Release|Any CPU
		{9B904D6F-F02A-4007-81FF-5A25785E28E2}.Release|x64.ActiveCfg = Release|Any CPU
		{9B904D6F-F02A-4007-81FF-5A25785E28E2}.Release|x64.Build.0 = Release|Any CPU
		{9B904D6F-F02A-4007-81FF-5A25785E28E2}.Release|x64.Deploy.0 = Release|Any CPU
		{9B904D6F-F02A-4007-81FF-5A25785E28E2}.Release|x86.ActiveCfg = Release|Any CPU
		{9B904D6F-F02A-4007-81FF-5A25785E28E2}.Release|x86.Build.0 = Release|Any CPU
		{9B904D6F-F02A-4007-81FF-5A25785E28E2}.Release|x86.Deploy.0 = Release|Any CPU
		{6874B7C8-5783-41F3-A036-4B79FBC37B5E}.Ad-Hoc|Any CPU.ActiveCfg = Ad-Hoc|iPhone
		{6874B7C8-5783-41F3-A036-4B79FBC37B5E}.Ad-Hoc|ARM.ActiveCfg = Ad-Hoc|iPhone
		{6874B7C8-5783-41F3-A036-4B79FBC37B5E}.Ad-Hoc|iPhone.ActiveCfg = Ad-Hoc|iPhone
		{6874B7C8-5783-41F3-A036-4B79FBC37B5E}.Ad-Hoc|iPhone.Build.0 = Ad-Hoc|iPhone
		{6874B7C8-5783-41F3-A036-4B79FBC37B5E}.Ad-Hoc|iPhoneSimulator.ActiveCfg = Ad-Hoc|iPhoneSimulator
		{6874B7C8-5783-41F3-A036-4B79FBC37B5E}.Ad-Hoc|iPhoneSimulator.Build.0 = Ad-Hoc|iPhoneSimulator
		{6874B7C8-5783-41F3-A036-4B79FBC37B5E}.Ad-Hoc|x64.ActiveCfg = Ad-Hoc|iPhone
		{6874B7C8-5783-41F3-A036-4B79FBC37B5E}.Ad-Hoc|x86.ActiveCfg = Ad-Hoc|iPhone
		{6874B7C8-5783-41F3-A036-4B79FBC37B5E}.AppStore|Any CPU.ActiveCfg = AppStore|iPhone
		{6874B7C8-5783-41F3-A036-4B79FBC37B5E}.AppStore|ARM.ActiveCfg = AppStore|iPhone
		{6874B7C8-5783-41F3-A036-4B79FBC37B5E}.AppStore|iPhone.ActiveCfg = AppStore|iPhone
		{6874B7C8-5783-41F3-A036-4B79FBC37B5E}.AppStore|iPhone.Build.0 = AppStore|iPhone
		{6874B7C8-5783-41F3-A036-4B79FBC37B5E}.AppStore|iPhoneSimulator.ActiveCfg = AppStore|iPhoneSimulator
		{6874B7C8-5783-41F3-A036-4B79FBC37B5E}.AppStore|iPhoneSimulator.Build.0 = AppStore|iPhoneSimulator
		{6874B7C8-5783-41F3-A036-4B79FBC37B5E}.AppStore|x64.ActiveCfg = AppStore|iPhone
		{6874B7C8-5783-41F3-A036-4B79FBC37B5E}.AppStore|x86.ActiveCfg = AppStore|iPhone
		{6874B7C8-5783-41F3-A036-4B79FBC37B5E}.Debug|Any CPU.ActiveCfg = Debug|iPhone
		{6874B7C8-5783-41F3-A036-4B79FBC37B5E}.Debug|ARM.ActiveCfg = Debug|iPhone
		{6874B7C8-5783-41F3-A036-4B79FBC37B5E}.Debug|iPhone.ActiveCfg = Debug|iPhone
		{6874B7C8-5783-41F3-A036-4B79FBC37B5E}.Debug|iPhone.Build.0 = Debug|iPhone
		{6874B7C8-5783-41F3-A036-4B79FBC37B5E}.Debug|iPhoneSimulator.ActiveCfg = Debug|iPhoneSimulator
		{6874B7C8-5783-41F3-A036-4B79FBC37B5E}.Debug|iPhoneSimulator.Build.0 = Debug|iPhoneSimulator
		{6874B7C8-5783-41F3-A036-4B79FBC37B5E}.Debug|x64.ActiveCfg = Debug|iPhone
		{6874B7C8-5783-41F3-A036-4B79FBC37B5E}.Debug|x86.ActiveCfg = Debug|iPhone
		{6874B7C8-5783-41F3-A036-4B79FBC37B5E}.Release|Any CPU.ActiveCfg = Release|iPhone
		{6874B7C8-5783-41F3-A036-4B79FBC37B5E}.Release|ARM.ActiveCfg = Release|iPhone
		{6874B7C8-5783-41F3-A036-4B79FBC37B5E}.Release|iPhone.ActiveCfg = Release|iPhone
		{6874B7C8-5783-41F3-A036-4B79FBC37B5E}.Release|iPhone.Build.0 = Release|iPhone
		{6874B7C8-5783-41F3-A036-4B79FBC37B5E}.Release|iPhoneSimulator.ActiveCfg = Release|iPhoneSimulator
		{6874B7C8-5783-41F3-A036-4B79FBC37B5E}.Release|iPhoneSimulator.Build.0 = Release|iPhoneSimulator
		{6874B7C8-5783-41F3-A036-4B79FBC37B5E}.Release|x64.ActiveCfg = Release|iPhone
		{6874B7C8-5783-41F3-A036-4B79FBC37B5E}.Release|x86.ActiveCfg = Release|iPhone
		{BCE7965E-97F8-41CC-9A24-1C2F9BB3826E}.Ad-Hoc|Any CPU.ActiveCfg = Debug|Any CPU
		{BCE7965E-97F8-41CC-9A24-1C2F9BB3826E}.Ad-Hoc|Any CPU.Build.0 = Debug|Any CPU
		{BCE7965E-97F8-41CC-9A24-1C2F9BB3826E}.Ad-Hoc|ARM.ActiveCfg = Debug|Any CPU
		{BCE7965E-97F8-41CC-9A24-1C2F9BB3826E}.Ad-Hoc|ARM.Build.0 = Debug|Any CPU
		{BCE7965E-97F8-41CC-9A24-1C2F9BB3826E}.Ad-Hoc|iPhone.ActiveCfg = Debug|Any CPU
		{BCE7965E-97F8-41CC-9A24-1C2F9BB3826E}.Ad-Hoc|iPhone.Build.0 = Debug|Any CPU
		{BCE7965E-97F8-41CC-9A24-1C2F9BB3826E}.Ad-Hoc|iPhoneSimulator.ActiveCfg = Debug|Any CPU
		{BCE7965E-97F8-41CC-9A24-1C2F9BB3826E}.Ad-Hoc|iPhoneSimulator.Build.0 = Debug|Any CPU
		{BCE7965E-97F8-41CC-9A24-1C2F9BB3826E}.Ad-Hoc|x64.ActiveCfg = Debug|Any CPU
		{BCE7965E-97F8-41CC-9A24-1C2F9BB3826E}.Ad-Hoc|x64.Build.0 = Debug|Any CPU
		{BCE7965E-97F8-41CC-9A24-1C2F9BB3826E}.Ad-Hoc|x86.ActiveCfg = Debug|Any CPU
		{BCE7965E-97F8-41CC-9A24-1C2F9BB3826E}.Ad-Hoc|x86.Build.0 = Debug|Any CPU
		{BCE7965E-97F8-41CC-9A24-1C2F9BB3826E}.AppStore|Any CPU.ActiveCfg = Debug|Any CPU
		{BCE7965E-97F8-41CC-9A24-1C2F9BB3826E}.AppStore|Any CPU.Build.0 = Debug|Any CPU
		{BCE7965E-97F8-41CC-9A24-1C2F9BB3826E}.AppStore|ARM.ActiveCfg = Debug|Any CPU
		{BCE7965E-97F8-41CC-9A24-1C2F9BB3826E}.AppStore|ARM.Build.0 = Debug|Any CPU
		{BCE7965E-97F8-41CC-9A24-1C2F9BB3826E}.AppStore|iPhone.ActiveCfg = Debug|Any CPU
		{BCE7965E-97F8-41CC-9A24-1C2F9BB3826E}.AppStore|iPhone.Build.0 = Debug|Any CPU
		{BCE7965E-97F8-41CC-9A24-1C2F9BB3826E}.AppStore|iPhoneSimulator.ActiveCfg = Debug|Any CPU
		{BCE7965E-97F8-41CC-9A24-1C2F9BB3826E}.AppStore|iPhoneSimulator.Build.0 = Debug|Any CPU
		{BCE7965E-97F8-41CC-9A24-1C2F9BB3826E}.AppStore|x64.ActiveCfg = Debug|Any CPU
		{BCE7965E-97F8-41CC-9A24-1C2F9BB3826E}.AppStore|x64.Build.0 = Debug|Any CPU
		{BCE7965E-97F8-41CC-9A24-1C2F9BB3826E}.AppStore|x86.ActiveCfg = Debug|Any CPU
		{BCE7965E-97F8-41CC-9A24-1C2F9BB3826E}.AppStore|x86.Build.0 = Debug|Any CPU
		{BCE7965E-97F8-41CC-9A24-1C2F9BB3826E}.Debug|Any CPU.ActiveCfg = Debug|Any CPU
		{BCE7965E-97F8-41CC-9A24-1C2F9BB3826E}.Debug|Any CPU.Build.0 = Debug|Any CPU
		{BCE7965E-97F8-41CC-9A24-1C2F9BB3826E}.Debug|ARM.ActiveCfg = Debug|Any CPU
		{BCE7965E-97F8-41CC-9A24-1C2F9BB3826E}.Debug|ARM.Build.0 = Debug|Any CPU
		{BCE7965E-97F8-41CC-9A24-1C2F9BB3826E}.Debug|iPhone.ActiveCfg = Debug|Any CPU
		{BCE7965E-97F8-41CC-9A24-1C2F9BB3826E}.Debug|iPhone.Build.0 = Debug|Any CPU
		{BCE7965E-97F8-41CC-9A24-1C2F9BB3826E}.Debug|iPhoneSimulator.ActiveCfg = Debug|Any CPU
		{BCE7965E-97F8-41CC-9A24-1C2F9BB3826E}.Debug|iPhoneSimulator.Build.0 = Debug|Any CPU
		{BCE7965E-97F8-41CC-9A24-1C2F9BB3826E}.Debug|x64.ActiveCfg = Debug|Any CPU
		{BCE7965E-97F8-41CC-9A24-1C2F9BB3826E}.Debug|x64.Build.0 = Debug|Any CPU
		{BCE7965E-97F8-41CC-9A24-1C2F9BB3826E}.Debug|x86.ActiveCfg = Debug|Any CPU
		{BCE7965E-97F8-41CC-9A24-1C2F9BB3826E}.Debug|x86.Build.0 = Debug|Any CPU
		{BCE7965E-97F8-41CC-9A24-1C2F9BB3826E}.Release|Any CPU.ActiveCfg = Release|Any CPU
		{BCE7965E-97F8-41CC-9A24-1C2F9BB3826E}.Release|Any CPU.Build.0 = Release|Any CPU
		{BCE7965E-97F8-41CC-9A24-1C2F9BB3826E}.Release|ARM.ActiveCfg = Release|Any CPU
		{BCE7965E-97F8-41CC-9A24-1C2F9BB3826E}.Release|ARM.Build.0 = Release|Any CPU
		{BCE7965E-97F8-41CC-9A24-1C2F9BB3826E}.Release|iPhone.ActiveCfg = Release|Any CPU
		{BCE7965E-97F8-41CC-9A24-1C2F9BB3826E}.Release|iPhone.Build.0 = Release|Any CPU
		{BCE7965E-97F8-41CC-9A24-1C2F9BB3826E}.Release|iPhoneSimulator.ActiveCfg = Release|Any CPU
		{BCE7965E-97F8-41CC-9A24-1C2F9BB3826E}.Release|iPhoneSimulator.Build.0 = Release|Any CPU
		{BCE7965E-97F8-41CC-9A24-1C2F9BB3826E}.Release|x64.ActiveCfg = Release|Any CPU
		{BCE7965E-97F8-41CC-9A24-1C2F9BB3826E}.Release|x64.Build.0 = Release|Any CPU
		{BCE7965E-97F8-41CC-9A24-1C2F9BB3826E}.Release|x86.ActiveCfg = Release|Any CPU
		{BCE7965E-97F8-41CC-9A24-1C2F9BB3826E}.Release|x86.Build.0 = Release|Any CPU
		{CD23FE48-BE5B-40ED-87EB-16058E3A9F26}.Ad-Hoc|Any CPU.ActiveCfg = Debug|Any CPU
		{CD23FE48-BE5B-40ED-87EB-16058E3A9F26}.Ad-Hoc|Any CPU.Build.0 = Debug|Any CPU
		{CD23FE48-BE5B-40ED-87EB-16058E3A9F26}.Ad-Hoc|ARM.ActiveCfg = Debug|Any CPU
		{CD23FE48-BE5B-40ED-87EB-16058E3A9F26}.Ad-Hoc|ARM.Build.0 = Debug|Any CPU
		{CD23FE48-BE5B-40ED-87EB-16058E3A9F26}.Ad-Hoc|iPhone.ActiveCfg = Debug|Any CPU
		{CD23FE48-BE5B-40ED-87EB-16058E3A9F26}.Ad-Hoc|iPhone.Build.0 = Debug|Any CPU
		{CD23FE48-BE5B-40ED-87EB-16058E3A9F26}.Ad-Hoc|iPhoneSimulator.ActiveCfg = Debug|Any CPU
		{CD23FE48-BE5B-40ED-87EB-16058E3A9F26}.Ad-Hoc|iPhoneSimulator.Build.0 = Debug|Any CPU
		{CD23FE48-BE5B-40ED-87EB-16058E3A9F26}.Ad-Hoc|x64.ActiveCfg = Debug|Any CPU
		{CD23FE48-BE5B-40ED-87EB-16058E3A9F26}.Ad-Hoc|x64.Build.0 = Debug|Any CPU
		{CD23FE48-BE5B-40ED-87EB-16058E3A9F26}.Ad-Hoc|x86.ActiveCfg = Debug|Any CPU
		{CD23FE48-BE5B-40ED-87EB-16058E3A9F26}.Ad-Hoc|x86.Build.0 = Debug|Any CPU
		{CD23FE48-BE5B-40ED-87EB-16058E3A9F26}.AppStore|Any CPU.ActiveCfg = Debug|Any CPU
		{CD23FE48-BE5B-40ED-87EB-16058E3A9F26}.AppStore|Any CPU.Build.0 = Debug|Any CPU
		{CD23FE48-BE5B-40ED-87EB-16058E3A9F26}.AppStore|ARM.ActiveCfg = Debug|Any CPU
		{CD23FE48-BE5B-40ED-87EB-16058E3A9F26}.AppStore|ARM.Build.0 = Debug|Any CPU
		{CD23FE48-BE5B-40ED-87EB-16058E3A9F26}.AppStore|iPhone.ActiveCfg = Debug|Any CPU
		{CD23FE48-BE5B-40ED-87EB-16058E3A9F26}.AppStore|iPhone.Build.0 = Debug|Any CPU
		{CD23FE48-BE5B-40ED-87EB-16058E3A9F26}.AppStore|iPhoneSimulator.ActiveCfg = Debug|Any CPU
		{CD23FE48-BE5B-40ED-87EB-16058E3A9F26}.AppStore|iPhoneSimulator.Build.0 = Debug|Any CPU
		{CD23FE48-BE5B-40ED-87EB-16058E3A9F26}.AppStore|x64.ActiveCfg = Debug|Any CPU
		{CD23FE48-BE5B-40ED-87EB-16058E3A9F26}.AppStore|x64.Build.0 = Debug|Any CPU
		{CD23FE48-BE5B-40ED-87EB-16058E3A9F26}.AppStore|x86.ActiveCfg = Debug|Any CPU
		{CD23FE48-BE5B-40ED-87EB-16058E3A9F26}.AppStore|x86.Build.0 = Debug|Any CPU
		{CD23FE48-BE5B-40ED-87EB-16058E3A9F26}.Debug|Any CPU.ActiveCfg = Debug|Any CPU
		{CD23FE48-BE5B-40ED-87EB-16058E3A9F26}.Debug|Any CPU.Build.0 = Debug|Any CPU
		{CD23FE48-BE5B-40ED-87EB-16058E3A9F26}.Debug|ARM.ActiveCfg = Debug|Any CPU
		{CD23FE48-BE5B-40ED-87EB-16058E3A9F26}.Debug|ARM.Build.0 = Debug|Any CPU
		{CD23FE48-BE5B-40ED-87EB-16058E3A9F26}.Debug|iPhone.ActiveCfg = Debug|Any CPU
		{CD23FE48-BE5B-40ED-87EB-16058E3A9F26}.Debug|iPhone.Build.0 = Debug|Any CPU
		{CD23FE48-BE5B-40ED-87EB-16058E3A9F26}.Debug|iPhoneSimulator.ActiveCfg = Debug|Any CPU
		{CD23FE48-BE5B-40ED-87EB-16058E3A9F26}.Debug|iPhoneSimulator.Build.0 = Debug|Any CPU
		{CD23FE48-BE5B-40ED-87EB-16058E3A9F26}.Debug|x64.ActiveCfg = Debug|Any CPU
		{CD23FE48-BE5B-40ED-87EB-16058E3A9F26}.Debug|x64.Build.0 = Debug|Any CPU
		{CD23FE48-BE5B-40ED-87EB-16058E3A9F26}.Debug|x86.ActiveCfg = Debug|Any CPU
		{CD23FE48-BE5B-40ED-87EB-16058E3A9F26}.Debug|x86.Build.0 = Debug|Any CPU
		{CD23FE48-BE5B-40ED-87EB-16058E3A9F26}.Release|Any CPU.ActiveCfg = Release|Any CPU
		{CD23FE48-BE5B-40ED-87EB-16058E3A9F26}.Release|Any CPU.Build.0 = Release|Any CPU
		{CD23FE48-BE5B-40ED-87EB-16058E3A9F26}.Release|ARM.ActiveCfg = Release|Any CPU
		{CD23FE48-BE5B-40ED-87EB-16058E3A9F26}.Release|ARM.Build.0 = Release|Any CPU
		{CD23FE48-BE5B-40ED-87EB-16058E3A9F26}.Release|iPhone.ActiveCfg = Release|Any CPU
		{CD23FE48-BE5B-40ED-87EB-16058E3A9F26}.Release|iPhone.Build.0 = Release|Any CPU
		{CD23FE48-BE5B-40ED-87EB-16058E3A9F26}.Release|iPhoneSimulator.ActiveCfg = Release|Any CPU
		{CD23FE48-BE5B-40ED-87EB-16058E3A9F26}.Release|iPhoneSimulator.Build.0 = Release|Any CPU
		{CD23FE48-BE5B-40ED-87EB-16058E3A9F26}.Release|x64.ActiveCfg = Release|Any CPU
		{CD23FE48-BE5B-40ED-87EB-16058E3A9F26}.Release|x64.Build.0 = Release|Any CPU
		{CD23FE48-BE5B-40ED-87EB-16058E3A9F26}.Release|x86.ActiveCfg = Release|Any CPU
		{CD23FE48-BE5B-40ED-87EB-16058E3A9F26}.Release|x86.Build.0 = Release|Any CPU
		{BB91E6B6-1463-429A-995A-A33964E0D482}.Ad-Hoc|Any CPU.ActiveCfg = Debug|Any CPU
		{BB91E6B6-1463-429A-995A-A33964E0D482}.Ad-Hoc|Any CPU.Build.0 = Debug|Any CPU
		{BB91E6B6-1463-429A-995A-A33964E0D482}.Ad-Hoc|ARM.ActiveCfg = Debug|Any CPU
		{BB91E6B6-1463-429A-995A-A33964E0D482}.Ad-Hoc|ARM.Build.0 = Debug|Any CPU
		{BB91E6B6-1463-429A-995A-A33964E0D482}.Ad-Hoc|iPhone.ActiveCfg = Debug|Any CPU
		{BB91E6B6-1463-429A-995A-A33964E0D482}.Ad-Hoc|iPhone.Build.0 = Debug|Any CPU
		{BB91E6B6-1463-429A-995A-A33964E0D482}.Ad-Hoc|iPhoneSimulator.ActiveCfg = Debug|Any CPU
		{BB91E6B6-1463-429A-995A-A33964E0D482}.Ad-Hoc|iPhoneSimulator.Build.0 = Debug|Any CPU
		{BB91E6B6-1463-429A-995A-A33964E0D482}.Ad-Hoc|x64.ActiveCfg = Debug|Any CPU
		{BB91E6B6-1463-429A-995A-A33964E0D482}.Ad-Hoc|x64.Build.0 = Debug|Any CPU
		{BB91E6B6-1463-429A-995A-A33964E0D482}.Ad-Hoc|x86.ActiveCfg = Debug|Any CPU
		{BB91E6B6-1463-429A-995A-A33964E0D482}.Ad-Hoc|x86.Build.0 = Debug|Any CPU
		{BB91E6B6-1463-429A-995A-A33964E0D482}.AppStore|Any CPU.ActiveCfg = Debug|Any CPU
		{BB91E6B6-1463-429A-995A-A33964E0D482}.AppStore|Any CPU.Build.0 = Debug|Any CPU
		{BB91E6B6-1463-429A-995A-A33964E0D482}.AppStore|ARM.ActiveCfg = Debug|Any CPU
		{BB91E6B6-1463-429A-995A-A33964E0D482}.AppStore|ARM.Build.0 = Debug|Any CPU
		{BB91E6B6-1463-429A-995A-A33964E0D482}.AppStore|iPhone.ActiveCfg = Debug|Any CPU
		{BB91E6B6-1463-429A-995A-A33964E0D482}.AppStore|iPhone.Build.0 = Debug|Any CPU
		{BB91E6B6-1463-429A-995A-A33964E0D482}.AppStore|iPhoneSimulator.ActiveCfg = Debug|Any CPU
		{BB91E6B6-1463-429A-995A-A33964E0D482}.AppStore|iPhoneSimulator.Build.0 = Debug|Any CPU
		{BB91E6B6-1463-429A-995A-A33964E0D482}.AppStore|x64.ActiveCfg = Debug|Any CPU
		{BB91E6B6-1463-429A-995A-A33964E0D482}.AppStore|x64.Build.0 = Debug|Any CPU
		{BB91E6B6-1463-429A-995A-A33964E0D482}.AppStore|x86.ActiveCfg = Debug|Any CPU
		{BB91E6B6-1463-429A-995A-A33964E0D482}.AppStore|x86.Build.0 = Debug|Any CPU
		{BB91E6B6-1463-429A-995A-A33964E0D482}.Debug|Any CPU.ActiveCfg = Debug|Any CPU
		{BB91E6B6-1463-429A-995A-A33964E0D482}.Debug|Any CPU.Build.0 = Debug|Any CPU
		{BB91E6B6-1463-429A-995A-A33964E0D482}.Debug|ARM.ActiveCfg = Debug|Any CPU
		{BB91E6B6-1463-429A-995A-A33964E0D482}.Debug|ARM.Build.0 = Debug|Any CPU
		{BB91E6B6-1463-429A-995A-A33964E0D482}.Debug|iPhone.ActiveCfg = Debug|Any CPU
		{BB91E6B6-1463-429A-995A-A33964E0D482}.Debug|iPhone.Build.0 = Debug|Any CPU
		{BB91E6B6-1463-429A-995A-A33964E0D482}.Debug|iPhoneSimulator.ActiveCfg = Debug|Any CPU
		{BB91E6B6-1463-429A-995A-A33964E0D482}.Debug|iPhoneSimulator.Build.0 = Debug|Any CPU
		{BB91E6B6-1463-429A-995A-A33964E0D482}.Debug|x64.ActiveCfg = Debug|Any CPU
		{BB91E6B6-1463-429A-995A-A33964E0D482}.Debug|x64.Build.0 = Debug|Any CPU
		{BB91E6B6-1463-429A-995A-A33964E0D482}.Debug|x86.ActiveCfg = Debug|Any CPU
		{BB91E6B6-1463-429A-995A-A33964E0D482}.Debug|x86.Build.0 = Debug|Any CPU
		{BB91E6B6-1463-429A-995A-A33964E0D482}.Release|Any CPU.ActiveCfg = Release|Any CPU
		{BB91E6B6-1463-429A-995A-A33964E0D482}.Release|Any CPU.Build.0 = Release|Any CPU
		{BB91E6B6-1463-429A-995A-A33964E0D482}.Release|ARM.ActiveCfg = Release|Any CPU
		{BB91E6B6-1463-429A-995A-A33964E0D482}.Release|ARM.Build.0 = Release|Any CPU
		{BB91E6B6-1463-429A-995A-A33964E0D482}.Release|iPhone.ActiveCfg = Release|Any CPU
		{BB91E6B6-1463-429A-995A-A33964E0D482}.Release|iPhone.Build.0 = Release|Any CPU
		{BB91E6B6-1463-429A-995A-A33964E0D482}.Release|iPhoneSimulator.ActiveCfg = Release|Any CPU
		{BB91E6B6-1463-429A-995A-A33964E0D482}.Release|iPhoneSimulator.Build.0 = Release|Any CPU
		{BB91E6B6-1463-429A-995A-A33964E0D482}.Release|x64.ActiveCfg = Release|Any CPU
		{BB91E6B6-1463-429A-995A-A33964E0D482}.Release|x64.Build.0 = Release|Any CPU
		{BB91E6B6-1463-429A-995A-A33964E0D482}.Release|x86.ActiveCfg = Release|Any CPU
		{BB91E6B6-1463-429A-995A-A33964E0D482}.Release|x86.Build.0 = Release|Any CPU
		{78A2A996-44A5-4FAD-A334-AB1758817875}.Ad-Hoc|Any CPU.ActiveCfg = Debug|Any CPU
		{78A2A996-44A5-4FAD-A334-AB1758817875}.Ad-Hoc|Any CPU.Build.0 = Debug|Any CPU
		{78A2A996-44A5-4FAD-A334-AB1758817875}.Ad-Hoc|ARM.ActiveCfg = Debug|Any CPU
		{78A2A996-44A5-4FAD-A334-AB1758817875}.Ad-Hoc|ARM.Build.0 = Debug|Any CPU
		{78A2A996-44A5-4FAD-A334-AB1758817875}.Ad-Hoc|iPhone.ActiveCfg = Debug|Any CPU
		{78A2A996-44A5-4FAD-A334-AB1758817875}.Ad-Hoc|iPhone.Build.0 = Debug|Any CPU
		{78A2A996-44A5-4FAD-A334-AB1758817875}.Ad-Hoc|iPhoneSimulator.ActiveCfg = Debug|Any CPU
		{78A2A996-44A5-4FAD-A334-AB1758817875}.Ad-Hoc|iPhoneSimulator.Build.0 = Debug|Any CPU
		{78A2A996-44A5-4FAD-A334-AB1758817875}.Ad-Hoc|x64.ActiveCfg = Debug|Any CPU
		{78A2A996-44A5-4FAD-A334-AB1758817875}.Ad-Hoc|x64.Build.0 = Debug|Any CPU
		{78A2A996-44A5-4FAD-A334-AB1758817875}.Ad-Hoc|x86.ActiveCfg = Debug|Any CPU
		{78A2A996-44A5-4FAD-A334-AB1758817875}.Ad-Hoc|x86.Build.0 = Debug|Any CPU
		{78A2A996-44A5-4FAD-A334-AB1758817875}.AppStore|Any CPU.ActiveCfg = Debug|Any CPU
		{78A2A996-44A5-4FAD-A334-AB1758817875}.AppStore|Any CPU.Build.0 = Debug|Any CPU
		{78A2A996-44A5-4FAD-A334-AB1758817875}.AppStore|ARM.ActiveCfg = Debug|Any CPU
		{78A2A996-44A5-4FAD-A334-AB1758817875}.AppStore|ARM.Build.0 = Debug|Any CPU
		{78A2A996-44A5-4FAD-A334-AB1758817875}.AppStore|iPhone.ActiveCfg = Debug|Any CPU
		{78A2A996-44A5-4FAD-A334-AB1758817875}.AppStore|iPhone.Build.0 = Debug|Any CPU
		{78A2A996-44A5-4FAD-A334-AB1758817875}.AppStore|iPhoneSimulator.ActiveCfg = Debug|Any CPU
		{78A2A996-44A5-4FAD-A334-AB1758817875}.AppStore|iPhoneSimulator.Build.0 = Debug|Any CPU
		{78A2A996-44A5-4FAD-A334-AB1758817875}.AppStore|x64.ActiveCfg = Debug|Any CPU
		{78A2A996-44A5-4FAD-A334-AB1758817875}.AppStore|x64.Build.0 = Debug|Any CPU
		{78A2A996-44A5-4FAD-A334-AB1758817875}.AppStore|x86.ActiveCfg = Debug|Any CPU
		{78A2A996-44A5-4FAD-A334-AB1758817875}.AppStore|x86.Build.0 = Debug|Any CPU
		{78A2A996-44A5-4FAD-A334-AB1758817875}.Debug|Any CPU.ActiveCfg = Debug|Any CPU
		{78A2A996-44A5-4FAD-A334-AB1758817875}.Debug|Any CPU.Build.0 = Debug|Any CPU
		{78A2A996-44A5-4FAD-A334-AB1758817875}.Debug|ARM.ActiveCfg = Debug|Any CPU
		{78A2A996-44A5-4FAD-A334-AB1758817875}.Debug|ARM.Build.0 = Debug|Any CPU
		{78A2A996-44A5-4FAD-A334-AB1758817875}.Debug|iPhone.ActiveCfg = Debug|Any CPU
		{78A2A996-44A5-4FAD-A334-AB1758817875}.Debug|iPhone.Build.0 = Debug|Any CPU
		{78A2A996-44A5-4FAD-A334-AB1758817875}.Debug|iPhoneSimulator.ActiveCfg = Debug|Any CPU
		{78A2A996-44A5-4FAD-A334-AB1758817875}.Debug|iPhoneSimulator.Build.0 = Debug|Any CPU
		{78A2A996-44A5-4FAD-A334-AB1758817875}.Debug|x64.ActiveCfg = Debug|Any CPU
		{78A2A996-44A5-4FAD-A334-AB1758817875}.Debug|x64.Build.0 = Debug|Any CPU
		{78A2A996-44A5-4FAD-A334-AB1758817875}.Debug|x86.ActiveCfg = Debug|Any CPU
		{78A2A996-44A5-4FAD-A334-AB1758817875}.Debug|x86.Build.0 = Debug|Any CPU
		{78A2A996-44A5-4FAD-A334-AB1758817875}.Release|Any CPU.ActiveCfg = Release|Any CPU
		{78A2A996-44A5-4FAD-A334-AB1758817875}.Release|Any CPU.Build.0 = Release|Any CPU
		{78A2A996-44A5-4FAD-A334-AB1758817875}.Release|ARM.ActiveCfg = Release|Any CPU
		{78A2A996-44A5-4FAD-A334-AB1758817875}.Release|ARM.Build.0 = Release|Any CPU
		{78A2A996-44A5-4FAD-A334-AB1758817875}.Release|iPhone.ActiveCfg = Release|Any CPU
		{78A2A996-44A5-4FAD-A334-AB1758817875}.Release|iPhone.Build.0 = Release|Any CPU
		{78A2A996-44A5-4FAD-A334-AB1758817875}.Release|iPhoneSimulator.ActiveCfg = Release|Any CPU
		{78A2A996-44A5-4FAD-A334-AB1758817875}.Release|iPhoneSimulator.Build.0 = Release|Any CPU
		{78A2A996-44A5-4FAD-A334-AB1758817875}.Release|x64.ActiveCfg = Release|Any CPU
		{78A2A996-44A5-4FAD-A334-AB1758817875}.Release|x64.Build.0 = Release|Any CPU
		{78A2A996-44A5-4FAD-A334-AB1758817875}.Release|x86.ActiveCfg = Release|Any CPU
		{78A2A996-44A5-4FAD-A334-AB1758817875}.Release|x86.Build.0 = Release|Any CPU
	EndGlobalSection
	GlobalSection(SolutionProperties) = preSolution
		HideSolutionNode = FALSE
	EndGlobalSection
	GlobalSection(NestedProjects) = preSolution
		{9B904D6F-F02A-4007-81FF-5A25785E28E2} = {4604FC23-0C9F-4AAD-A443-7798F3FFBD04}
		{6874B7C8-5783-41F3-A036-4B79FBC37B5E} = {4604FC23-0C9F-4AAD-A443-7798F3FFBD04}
		{BCE7965E-97F8-41CC-9A24-1C2F9BB3826E} = {4604FC23-0C9F-4AAD-A443-7798F3FFBD04}
		{BB91E6B6-1463-429A-995A-A33964E0D482} = {567BE27A-D8E8-448B-9EE1-9D547040524F}
		{78A2A996-44A5-4FAD-A334-AB1758817875} = {9DB53979-ECA8-4AB4-AB40-E92E8969D301}
	EndGlobalSection
	GlobalSection(ExtensibilityGlobals) = postSolution
		SolutionGuid = {4CB5D27D-FA94-4165-8565-EA848303D68F}
	EndGlobalSection
EndGlobal
